// !$*UTF8*$!
{
	archiveVersion = 1;
	classes = {
	};
	objectVersion = 51;
	objects = {

/* Begin PBXBuildFile section */
		3AB982E8AF033E00EB930800 /* Pods_UIAlertNet.framework in Frameworks */ = {isa = PBXBuildFile; fileRef = 1D0334189CF95660EA19A3B1 /* Pods_UIAlertNet.framework */; };
		747635BA2661D25D002D20B1 /* AppDelegate.m in Sources */ = {isa = PBXBuildFile; fileRef = 747635B92661D25D002D20B1 /* AppDelegate.m */; };
		747635C02661D25D002D20B1 /* ViewController.m in Sources */ = {isa = PBXBuildFile; fileRef = 747635BF2661D25D002D20B1 /* ViewController.m */; };
		747635C32661D25D002D20B1 /* Main.storyboard in Resources */ = {isa = PBXBuildFile; fileRef = 747635C12661D25D002D20B1 /* Main.storyboard */; };
		747635C52661D25F002D20B1 /* Assets.xcassets in Resources */ = {isa = PBXBuildFile; fileRef = 747635C42661D25F002D20B1 /* Assets.xcassets */; };
		747635C82661D25F002D20B1 /* LaunchScreen.storyboard in Resources */ = {isa = PBXBuildFile; fileRef = 747635C62661D25F002D20B1 /* LaunchScreen.storyboard */; };
		747635CB2661D25F002D20B1 /* main.m in Sources */ = {isa = PBXBuildFile; fileRef = 747635CA2661D25F002D20B1 /* main.m */; };
		747635D52661D260002D20B1 /* UIAlertNetTests.m in Sources */ = {isa = PBXBuildFile; fileRef = 747635D42661D260002D20B1 /* UIAlertNetTests.m */; };
		747635E02661D260002D20B1 /* UIAlertNetUITests.m in Sources */ = {isa = PBXBuildFile; fileRef = 747635DF2661D260002D20B1 /* UIAlertNetUITests.m */; };
		747635F126625AE6002D20B1 /* ZAHomeService.m in Sources */ = {isa = PBXBuildFile; fileRef = 747635F026625AE6002D20B1 /* ZAHomeService.m */; };
		74F21C152663951F00AF8D28 /* CHHTTPTool.m in Sources */ = {isa = PBXBuildFile; fileRef = 74F21C142663951F00AF8D28 /* CHHTTPTool.m */; };
/* End PBXBuildFile section */

/* Begin PBXContainerItemProxy section */
		747635D12661D260002D20B1 /* PBXContainerItemProxy */ = {
			isa = PBXContainerItemProxy;
			containerPortal = 747635AD2661D25D002D20B1 /* Project object */;
			proxyType = 1;
			remoteGlobalIDString = 747635B42661D25D002D20B1;
			remoteInfo = UIAlertNet;
		};
		747635DC2661D260002D20B1 /* PBXContainerItemProxy */ = {
			isa = PBXContainerItemProxy;
			containerPortal = 747635AD2661D25D002D20B1 /* Project object */;
			proxyType = 1;
			remoteGlobalIDString = 747635B42661D25D002D20B1;
			remoteInfo = UIAlertNet;
		};
/* End PBXContainerItemProxy section */

/* Begin PBXFileReference section */
		19A419D64901E792DD98CAA9 /* Pods-UIAlertNet.release.xcconfig */ = {isa = PBXFileReference; includeInIndex = 1; lastKnownFileType = text.xcconfig; name = "Pods-UIAlertNet.release.xcconfig"; path = "Target Support Files/Pods-UIAlertNet/Pods-UIAlertNet.release.xcconfig"; sourceTree = "<group>"; };
		1D0334189CF95660EA19A3B1 /* Pods_UIAlertNet.framework */ = {isa = PBXFileReference; explicitFileType = wrapper.framework; includeInIndex = 0; path = Pods_UIAlertNet.framework; sourceTree = BUILT_PRODUCTS_DIR; };
		747635B52661D25D002D20B1 /* UIAlertNet.app */ = {isa = PBXFileReference; explicitFileType = wrapper.application; includeInIndex = 0; path = UIAlertNet.app; sourceTree = BUILT_PRODUCTS_DIR; };
		747635B82661D25D002D20B1 /* AppDelegate.h */ = {isa = PBXFileReference; lastKnownFileType = sourcecode.c.h; path = AppDelegate.h; sourceTree = "<group>"; };
		747635B92661D25D002D20B1 /* AppDelegate.m */ = {isa = PBXFileReference; lastKnownFileType = sourcecode.c.objc; path = AppDelegate.m; sourceTree = "<group>"; };
		747635BE2661D25D002D20B1 /* ViewController.h */ = {isa = PBXFileReference; lastKnownFileType = sourcecode.c.h; path = ViewController.h; sourceTree = "<group>"; };
		747635BF2661D25D002D20B1 /* ViewController.m */ = {isa = PBXFileReference; lastKnownFileType = sourcecode.c.objc; path = ViewController.m; sourceTree = "<group>"; };
		747635C22661D25D002D20B1 /* Base */ = {isa = PBXFileReference; lastKnownFileType = file.storyboard; name = Base; path = Base.lproj/Main.storyboard; sourceTree = "<group>"; };
		747635C42661D25F002D20B1 /* Assets.xcassets */ = {isa = PBXFileReference; lastKnownFileType = folder.assetcatalog; path = Assets.xcassets; sourceTree = "<group>"; };
		747635C72661D25F002D20B1 /* Base */ = {isa = PBXFileReference; lastKnownFileType = file.storyboard; name = Base; path = Base.lproj/LaunchScreen.storyboard; sourceTree = "<group>"; };
		747635C92661D25F002D20B1 /* Info.plist */ = {isa = PBXFileReference; lastKnownFileType = text.plist.xml; path = Info.plist; sourceTree = "<group>"; };
		747635CA2661D25F002D20B1 /* main.m */ = {isa = PBXFileReference; lastKnownFileType = sourcecode.c.objc; path = main.m; sourceTree = "<group>"; };
		747635D02661D260002D20B1 /* UIAlertNetTests.xctest */ = {isa = PBXFileReference; explicitFileType = wrapper.cfbundle; includeInIndex = 0; path = UIAlertNetTests.xctest; sourceTree = BUILT_PRODUCTS_DIR; };
		747635D42661D260002D20B1 /* UIAlertNetTests.m */ = {isa = PBXFileReference; lastKnownFileType = sourcecode.c.objc; path = UIAlertNetTests.m; sourceTree = "<group>"; };
		747635D62661D260002D20B1 /* Info.plist */ = {isa = PBXFileReference; lastKnownFileType = text.plist.xml; path = Info.plist; sourceTree = "<group>"; };
		747635DB2661D260002D20B1 /* UIAlertNetUITests.xctest */ = {isa = PBXFileReference; explicitFileType = wrapper.cfbundle; includeInIndex = 0; path = UIAlertNetUITests.xctest; sourceTree = BUILT_PRODUCTS_DIR; };
		747635DF2661D260002D20B1 /* UIAlertNetUITests.m */ = {isa = PBXFileReference; lastKnownFileType = sourcecode.c.objc; path = UIAlertNetUITests.m; sourceTree = "<group>"; };
		747635E12661D260002D20B1 /* Info.plist */ = {isa = PBXFileReference; lastKnownFileType = text.plist.xml; path = Info.plist; sourceTree = "<group>"; };
		747635ED26625900002D20B1 /* PrefixHeader.pch */ = {isa = PBXFileReference; lastKnownFileType = sourcecode.c.h; path = PrefixHeader.pch; sourceTree = "<group>"; };
		747635EF26625AE6002D20B1 /* ZAHomeService.h */ = {isa = PBXFileReference; lastKnownFileType = sourcecode.c.h; path = ZAHomeService.h; sourceTree = "<group>"; };
		747635F026625AE6002D20B1 /* ZAHomeService.m */ = {isa = PBXFileReference; lastKnownFileType = sourcecode.c.objc; path = ZAHomeService.m; sourceTree = "<group>"; };
		74F21C132663951F00AF8D28 /* CHHTTPTool.h */ = {isa = PBXFileReference; lastKnownFileType = sourcecode.c.h; path = CHHTTPTool.h; sourceTree = "<group>"; };
		74F21C142663951F00AF8D28 /* CHHTTPTool.m */ = {isa = PBXFileReference; lastKnownFileType = sourcecode.c.objc; path = CHHTTPTool.m; sourceTree = "<group>"; };
		74F21C162663978800AF8D28 /* Header.h */ = {isa = PBXFileReference; lastKnownFileType = sourcecode.c.h; path = Header.h; sourceTree = "<group>"; };
		F7065239847ABD7FDCB63737 /* Pods-UIAlertNet.debug.xcconfig */ = {isa = PBXFileReference; includeInIndex = 1; lastKnownFileType = text.xcconfig; name = "Pods-UIAlertNet.debug.xcconfig"; path = "Target Support Files/Pods-UIAlertNet/Pods-UIAlertNet.debug.xcconfig"; sourceTree = "<group>"; };
/* End PBXFileReference section */

/* Begin PBXFrameworksBuildPhase section */
		747635B22661D25D002D20B1 /* Frameworks */ = {
			isa = PBXFrameworksBuildPhase;
			buildActionMask = 2147483647;
			files = (
				3AB982E8AF033E00EB930800 /* Pods_UIAlertNet.framework in Frameworks */,
			);
			runOnlyForDeploymentPostprocessing = 0;
		};
		747635CD2661D260002D20B1 /* Frameworks */ = {
			isa = PBXFrameworksBuildPhase;
			buildActionMask = 2147483647;
			files = (
			);
			runOnlyForDeploymentPostprocessing = 0;
		};
		747635D82661D260002D20B1 /* Frameworks */ = {
			isa = PBXFrameworksBuildPhase;
			buildActionMask = 2147483647;
			files = (
			);
			runOnlyForDeploymentPostprocessing = 0;
		};
/* End PBXFrameworksBuildPhase section */

/* Begin PBXGroup section */
		679E31B047863C18A37FCCAD /* Pods */ = {
			isa = PBXGroup;
			children = (
				F7065239847ABD7FDCB63737 /* Pods-UIAlertNet.debug.xcconfig */,
				19A419D64901E792DD98CAA9 /* Pods-UIAlertNet.release.xcconfig */,
			);
			path = Pods;
			sourceTree = "<group>";
		};
		747635AC2661D25D002D20B1 = {
			isa = PBXGroup;
			children = (
				747635B72661D25D002D20B1 /* UIAlertNet */,
				747635D32661D260002D20B1 /* UIAlertNetTests */,
				747635DE2661D260002D20B1 /* UIAlertNetUITests */,
				747635B62661D25D002D20B1 /* Products */,
				679E31B047863C18A37FCCAD /* Pods */,
				FEDB7FB9F42AEF8CA855C9C9 /* Frameworks */,
			);
			sourceTree = "<group>";
		};
		747635B62661D25D002D20B1 /* Products */ = {
			isa = PBXGroup;
			children = (
				747635B52661D25D002D20B1 /* UIAlertNet.app */,
				747635D02661D260002D20B1 /* UIAlertNetTests.xctest */,
				747635DB2661D260002D20B1 /* UIAlertNetUITests.xctest */,
			);
			name = Products;
			sourceTree = "<group>";
		};
		747635B72661D25D002D20B1 /* UIAlertNet */ = {
			isa = PBXGroup;
			children = (
				74F21C122663950400AF8D28 /* 封装的网络请求2 */,
				747635EE26625AC3002D20B1 /* 封装的网络请求1 */,
				747635B82661D25D002D20B1 /* AppDelegate.h */,
				747635B92661D25D002D20B1 /* AppDelegate.m */,
				747635BE2661D25D002D20B1 /* ViewController.h */,
				747635BF2661D25D002D20B1 /* ViewController.m */,
				747635ED26625900002D20B1 /* PrefixHeader.pch */,
				74F21C162663978800AF8D28 /* Header.h */,
				747635C12661D25D002D20B1 /* Main.storyboard */,
				747635C42661D25F002D20B1 /* Assets.xcassets */,
				747635C62661D25F002D20B1 /* LaunchScreen.storyboard */,
				747635C92661D25F002D20B1 /* Info.plist */,
				747635CA2661D25F002D20B1 /* main.m */,
			);
			path = UIAlertNet;
			sourceTree = "<group>";
		};
		747635D32661D260002D20B1 /* UIAlertNetTests */ = {
			isa = PBXGroup;
			children = (
				747635D42661D260002D20B1 /* UIAlertNetTests.m */,
				747635D62661D260002D20B1 /* Info.plist */,
			);
			path = UIAlertNetTests;
			sourceTree = "<group>";
		};
		747635DE2661D260002D20B1 /* UIAlertNetUITests */ = {
			isa = PBXGroup;
			children = (
				747635DF2661D260002D20B1 /* UIAlertNetUITests.m */,
				747635E12661D260002D20B1 /* Info.plist */,
			);
			path = UIAlertNetUITests;
			sourceTree = "<group>";
		};
		747635EE26625AC3002D20B1 /* 封装的网络请求1 */ = {
			isa = PBXGroup;
			children = (
				747635EF26625AE6002D20B1 /* ZAHomeService.h */,
				747635F026625AE6002D20B1 /* ZAHomeService.m */,
			);
			path = "封装的网络请求1";
			sourceTree = "<group>";
		};
		74F21C122663950400AF8D28 /* 封装的网络请求2 */ = {
			isa = PBXGroup;
			children = (
				74F21C132663951F00AF8D28 /* CHHTTPTool.h */,
				74F21C142663951F00AF8D28 /* CHHTTPTool.m */,
			);
			path = "封装的网络请求2";
			sourceTree = "<group>";
		};
		FEDB7FB9F42AEF8CA855C9C9 /* Frameworks */ = {
			isa = PBXGroup;
			children = (
				1D0334189CF95660EA19A3B1 /* Pods_UIAlertNet.framework */,
			);
			name = Frameworks;
			sourceTree = "<group>";
		};
/* End PBXGroup section */

/* Begin PBXNativeTarget section */
		747635B42661D25D002D20B1 /* UIAlertNet */ = {
			isa = PBXNativeTarget;
			buildConfigurationList = 747635E42661D260002D20B1 /* Build configuration list for PBXNativeTarget "UIAlertNet" */;
			buildPhases = (
				D9B46D375D878198D6925043 /* [CP] Check Pods Manifest.lock */,
				747635B12661D25D002D20B1 /* Sources */,
				747635B22661D25D002D20B1 /* Frameworks */,
				747635B32661D25D002D20B1 /* Resources */,
				0596641ACFF5A64F6526A875 /* [CP] Embed Pods Frameworks */,
			);
			buildRules = (
			);
			dependencies = (
			);
			name = UIAlertNet;
			productName = UIAlertNet;
			productReference = 747635B52661D25D002D20B1 /* UIAlertNet.app */;
			productType = "com.apple.product-type.application";
		};
		747635CF2661D260002D20B1 /* UIAlertNetTests */ = {
			isa = PBXNativeTarget;
			buildConfigurationList = 747635E72661D260002D20B1 /* Build configuration list for PBXNativeTarget "UIAlertNetTests" */;
			buildPhases = (
				747635CC2661D260002D20B1 /* Sources */,
				747635CD2661D260002D20B1 /* Frameworks */,
				747635CE2661D260002D20B1 /* Resources */,
			);
			buildRules = (
			);
			dependencies = (
				747635D22661D260002D20B1 /* PBXTargetDependency */,
			);
			name = UIAlertNetTests;
			productName = UIAlertNetTests;
			productReference = 747635D02661D260002D20B1 /* UIAlertNetTests.xctest */;
			productType = "com.apple.product-type.bundle.unit-test";
		};
		747635DA2661D260002D20B1 /* UIAlertNetUITests */ = {
			isa = PBXNativeTarget;
			buildConfigurationList = 747635EA2661D260002D20B1 /* Build configuration list for PBXNativeTarget "UIAlertNetUITests" */;
			buildPhases = (
				747635D72661D260002D20B1 /* Sources */,
				747635D82661D260002D20B1 /* Frameworks */,
				747635D92661D260002D20B1 /* Resources */,
			);
			buildRules = (
			);
			dependencies = (
				747635DD2661D260002D20B1 /* PBXTargetDependency */,
			);
			name = UIAlertNetUITests;
			productName = UIAlertNetUITests;
			productReference = 747635DB2661D260002D20B1 /* UIAlertNetUITests.xctest */;
			productType = "com.apple.product-type.bundle.ui-testing";
		};
/* End PBXNativeTarget section */

/* Begin PBXProject section */
		747635AD2661D25D002D20B1 /* Project object */ = {
			isa = PBXProject;
			attributes = {
				LastUpgradeCheck = 1250;
				TargetAttributes = {
					747635B42661D25D002D20B1 = {
						CreatedOnToolsVersion = 12.5;
					};
					747635CF2661D260002D20B1 = {
						CreatedOnToolsVersion = 12.5;
						TestTargetID = 747635B42661D25D002D20B1;
					};
					747635DA2661D260002D20B1 = {
						CreatedOnToolsVersion = 12.5;
						TestTargetID = 747635B42661D25D002D20B1;
					};
				};
			};
			buildConfigurationList = 747635B02661D25D002D20B1 /* Build configuration list for PBXProject "UIAlertNet" */;
			compatibilityVersion = "Xcode 9.3";
			developmentRegion = en;
			hasScannedForEncodings = 0;
			knownRegions = (
				en,
				Base,
			);
			mainGroup = 747635AC2661D25D002D20B1;
			productRefGroup = 747635B62661D25D002D20B1 /* Products */;
			projectDirPath = "";
			projectRoot = "";
			targets = (
				747635B42661D25D002D20B1 /* UIAlertNet */,
				747635CF2661D260002D20B1 /* UIAlertNetTests */,
				747635DA2661D260002D20B1 /* UIAlertNetUITests */,
			);
		};
/* End PBXProject section */

/* Begin PBXResourcesBuildPhase section */
		747635B32661D25D002D20B1 /* Resources */ = {
			isa = PBXResourcesBuildPhase;
			buildActionMask = 2147483647;
			files = (
				747635C82661D25F002D20B1 /* LaunchScreen.storyboard in Resources */,
				747635C52661D25F002D20B1 /* Assets.xcassets in Resources */,
				747635C32661D25D002D20B1 /* Main.storyboard in Resources */,
			);
			runOnlyForDeploymentPostprocessing = 0;
		};
		747635CE2661D260002D20B1 /* Resources */ = {
			isa = PBXResourcesBuildPhase;
			buildActionMask = 2147483647;
			files = (
			);
			runOnlyForDeploymentPostprocessing = 0;
		};
		747635D92661D260002D20B1 /* Resources */ = {
			isa = PBXResourcesBuildPhase;
			buildActionMask = 2147483647;
			files = (
			);
			runOnlyForDeploymentPostprocessing = 0;
		};
/* End PBXResourcesBuildPhase section */

/* Begin PBXShellScriptBuildPhase section */
		0596641ACFF5A64F6526A875 /* [CP] Embed Pods Frameworks */ = {
			isa = PBXShellScriptBuildPhase;
			buildActionMask = 2147483647;
			files = (
			);
			inputFileListPaths = (
				"${PODS_ROOT}/Target Support Files/Pods-UIAlertNet/Pods-UIAlertNet-frameworks-${CONFIGURATION}-input-files.xcfilelist",
			);
			name = "[CP] Embed Pods Frameworks";
			outputFileListPaths = (
				"${PODS_ROOT}/Target Support Files/Pods-UIAlertNet/Pods-UIAlertNet-frameworks-${CONFIGURATION}-output-files.xcfilelist",
			);
			runOnlyForDeploymentPostprocessing = 0;
			shellPath = /bin/sh;
			shellScript = "\"${PODS_ROOT}/Target Support Files/Pods-UIAlertNet/Pods-UIAlertNet-frameworks.sh\"\n";
			showEnvVarsInLog = 0;
		};
		D9B46D375D878198D6925043 /* [CP] Check Pods Manifest.lock */ = {
			isa = PBXShellScriptBuildPhase;
			buildActionMask = 2147483647;
			files = (
			);
			inputFileListPaths = (
			);
			inputPaths = (
				"${PODS_PODFILE_DIR_PATH}/Podfile.lock",
				"${PODS_ROOT}/Manifest.lock",
			);
			name = "[CP] Check Pods Manifest.lock";
			outputFileListPaths = (
			);
			outputPaths = (
				"$(DERIVED_FILE_DIR)/Pods-UIAlertNet-checkManifestLockResult.txt",
			);
			runOnlyForDeploymentPostprocessing = 0;
			shellPath = /bin/sh;
			shellScript = "diff \"${PODS_PODFILE_DIR_PATH}/Podfile.lock\" \"${PODS_ROOT}/Manifest.lock\" > /dev/null\nif [ $? != 0 ] ; then\n    # print error to STDERR\n    echo \"error: The sandbox is not in sync with the Podfile.lock. Run 'pod install' or update your CocoaPods installation.\" >&2\n    exit 1\nfi\n# This output is used by Xcode 'outputs' to avoid re-running this script phase.\necho \"SUCCESS\" > \"${SCRIPT_OUTPUT_FILE_0}\"\n";
			showEnvVarsInLog = 0;
		};
/* End PBXShellScriptBuildPhase section */

/* Begin PBXSourcesBuildPhase section */
		747635B12661D25D002D20B1 /* Sources */ = {
			isa = PBXSourcesBuildPhase;
			buildActionMask = 2147483647;
			files = (
				747635C02661D25D002D20B1 /* ViewController.m in Sources */,
				747635BA2661D25D002D20B1 /* AppDelegate.m in Sources */,
				747635CB2661D25F002D20B1 /* main.m in Sources */,
				74F21C152663951F00AF8D28 /* CHHTTPTool.m in Sources */,
				747635F126625AE6002D20B1 /* ZAHomeService.m in Sources */,
			);
			runOnlyForDeploymentPostprocessing = 0;
		};
		747635CC2661D260002D20B1 /* Sources */ = {
			isa = PBXSourcesBuildPhase;
			buildActionMask = 2147483647;
			files = (
				747635D52661D260002D20B1 /* UIAlertNetTests.m in Sources */,
			);
			runOnlyForDeploymentPostprocessing = 0;
		};
		747635D72661D260002D20B1 /* Sources */ = {
			isa = PBXSourcesBuildPhase;
			buildActionMask = 2147483647;
			files = (
				747635E02661D260002D20B1 /* UIAlertNetUITests.m in Sources */,
			);
			runOnlyForDeploymentPostprocessing = 0;
		};
/* End PBXSourcesBuildPhase section */

/* Begin PBXTargetDependency section */
		747635D22661D260002D20B1 /* PBXTargetDependency */ = {
			isa = PBXTargetDependency;
			target = 747635B42661D25D002D20B1 /* UIAlertNet */;
			targetProxy = 747635D12661D260002D20B1 /* PBXContainerItemProxy */;
		};
		747635DD2661D260002D20B1 /* PBXTargetDependency */ = {
			isa = PBXTargetDependency;
			target = 747635B42661D25D002D20B1 /* UIAlertNet */;
			targetProxy = 747635DC2661D260002D20B1 /* PBXContainerItemProxy */;
		};
/* End PBXTargetDependency section */

/* Begin PBXVariantGroup section */
		747635C12661D25D002D20B1 /* Main.storyboard */ = {
			isa = PBXVariantGroup;
			children = (
				747635C22661D25D002D20B1 /* Base */,
			);
			name = Main.storyboard;
			sourceTree = "<group>";
		};
		747635C62661D25F002D20B1 /* LaunchScreen.storyboard */ = {
			isa = PBXVariantGroup;
			children = (
				747635C72661D25F002D20B1 /* Base */,
			);
			name = LaunchScreen.storyboard;
			sourceTree = "<group>";
		};
/* End PBXVariantGroup section */

/* Begin XCBuildConfiguration section */
		747635E22661D260002D20B1 /* Debug */ = {
			isa = XCBuildConfiguration;
			buildSettings = {
				ALWAYS_SEARCH_USER_PATHS = NO;
				CLANG_ANALYZER_NONNULL = YES;
				CLANG_ANALYZER_NUMBER_OBJECT_CONVERSION = YES_AGGRESSIVE;
				CLANG_CXX_LANGUAGE_STANDARD = "gnu++14";
				CLANG_CXX_LIBRARY = "libc++";
				CLANG_ENABLE_MODULES = YES;
				CLANG_ENABLE_OBJC_ARC = YES;
				CLANG_ENABLE_OBJC_WEAK = YES;
				CLANG_WARN_BLOCK_CAPTURE_AUTORELEASING = YES;
				CLANG_WARN_BOOL_CONVERSION = YES;
				CLANG_WARN_COMMA = YES;
				CLANG_WARN_CONSTANT_CONVERSION = YES;
				CLANG_WARN_DEPRECATED_OBJC_IMPLEMENTATIONS = YES;
				CLANG_WARN_DIRECT_OBJC_ISA_USAGE = YES_ERROR;
				CLANG_WARN_DOCUMENTATION_COMMENTS = YES;
				CLANG_WARN_EMPTY_BODY = YES;
				CLANG_WARN_ENUM_CONVERSION = YES;
				CLANG_WARN_INFINITE_RECURSION = YES;
				CLANG_WARN_INT_CONVERSION = YES;
				CLANG_WARN_NON_LITERAL_NULL_CONVERSION = YES;
				CLANG_WARN_OBJC_IMPLICIT_RETAIN_SELF = YES;
				CLANG_WARN_OBJC_LITERAL_CONVERSION = YES;
				CLANG_WARN_OBJC_ROOT_CLASS = YES_ERROR;
				CLANG_WARN_QUOTED_INCLUDE_IN_FRAMEWORK_HEADER = YES;
				CLANG_WARN_RANGE_LOOP_ANALYSIS = YES;
				CLANG_WARN_STRICT_PROTOTYPES = YES;
				CLANG_WARN_SUSPICIOUS_MOVE = YES;
				CLANG_WARN_UNGUARDED_AVAILABILITY = YES_AGGRESSIVE;
				CLANG_WARN_UNREACHABLE_CODE = YES;
				CLANG_WARN__DUPLICATE_METHOD_MATCH = YES;
				COPY_PHASE_STRIP = NO;
				DEBUG_INFORMATION_FORMAT = dwarf;
				ENABLE_STRICT_OBJC_MSGSEND = YES;
				ENABLE_TESTABILITY = YES;
				GCC_C_LANGUAGE_STANDARD = gnu11;
				GCC_DYNAMIC_NO_PIC = NO;
				GCC_NO_COMMON_BLOCKS = YES;
				GCC_OPTIMIZATION_LEVEL = 0;
				GCC_PREPROCESSOR_DEFINITIONS = (
					"DEBUG=1",
					"$(inherited)",
				);
				GCC_WARN_64_TO_32_BIT_CONVERSION = YES;
				GCC_WARN_ABOUT_RETURN_TYPE = YES_ERROR;
				GCC_WARN_UNDECLARED_SELECTOR = YES;
				GCC_WARN_UNINITIALIZED_AUTOS = YES_AGGRESSIVE;
				GCC_WARN_UNUSED_FUNCTION = YES;
				GCC_WARN_UNUSED_VARIABLE = YES;
				IPHONEOS_DEPLOYMENT_TARGET = 14.5;
				MTL_ENABLE_DEBUG_INFO = INCLUDE_SOURCE;
				MTL_FAST_MATH = YES;
				ONLY_ACTIVE_ARCH = YES;
				SDKROOT = iphoneos;
			};
			name = Debug;
		};
		747635E32661D260002D20B1 /* Release */ = {
			isa = XCBuildConfiguration;
			buildSettings = {
				ALWAYS_SEARCH_USER_PATHS = NO;
				CLANG_ANALYZER_NONNULL = YES;
				CLANG_ANALYZER_NUMBER_OBJECT_CONVERSION = YES_AGGRESSIVE;
				CLANG_CXX_LANGUAGE_STANDARD = "gnu++14";
				CLANG_CXX_LIBRARY = "libc++";
				CLANG_ENABLE_MODULES = YES;
				CLANG_ENABLE_OBJC_ARC = YES;
				CLANG_ENABLE_OBJC_WEAK = YES;
				CLANG_WARN_BLOCK_CAPTURE_AUTORELEASING = YES;
				CLANG_WARN_BOOL_CONVERSION = YES;
				CLANG_WARN_COMMA = YES;
				CLANG_WARN_CONSTANT_CONVERSION = YES;
				CLANG_WARN_DEPRECATED_OBJC_IMPLEMENTATIONS = YES;
				CLANG_WARN_DIRECT_OBJC_ISA_USAGE = YES_ERROR;
				CLANG_WARN_DOCUMENTATION_COMMENTS = YES;
				CLANG_WARN_EMPTY_BODY = YES;
				CLANG_WARN_ENUM_CONVERSION = YES;
				CLANG_WARN_INFINITE_RECURSION = YES;
				CLANG_WARN_INT_CONVERSION = YES;
				CLANG_WARN_NON_LITERAL_NULL_CONVERSION = YES;
				CLANG_WARN_OBJC_IMPLICIT_RETAIN_SELF = YES;
				CLANG_WARN_OBJC_LITERAL_CONVERSION = YES;
				CLANG_WARN_OBJC_ROOT_CLASS = YES_ERROR;
				CLANG_WARN_QUOTED_INCLUDE_IN_FRAMEWORK_HEADER = YES;
				CLANG_WARN_RANGE_LOOP_ANALYSIS = YES;
				CLANG_WARN_STRICT_PROTOTYPES = YES;
				CLANG_WARN_SUSPICIOUS_MOVE = YES;
				CLANG_WARN_UNGUARDED_AVAILABILITY = YES_AGGRESSIVE;
				CLANG_WARN_UNREACHABLE_CODE = YES;
				CLANG_WARN__DUPLICATE_METHOD_MATCH = YES;
				COPY_PHASE_STRIP = NO;
				DEBUG_INFORMATION_FORMAT = "dwarf-with-dsym";
				ENABLE_NS_ASSERTIONS = NO;
				ENABLE_STRICT_OBJC_MSGSEND = YES;
				GCC_C_LANGUAGE_STANDARD = gnu11;
				GCC_NO_COMMON_BLOCKS = YES;
				GCC_WARN_64_TO_32_BIT_CONVERSION = YES;
				GCC_WARN_ABOUT_RETURN_TYPE = YES_ERROR;
				GCC_WARN_UNDECLARED_SELECTOR = YES;
				GCC_WARN_UNINITIALIZED_AUTOS = YES_AGGRESSIVE;
				GCC_WARN_UNUSED_FUNCTION = YES;
				GCC_WARN_UNUSED_VARIABLE = YES;
				IPHONEOS_DEPLOYMENT_TARGET = 14.5;
				MTL_ENABLE_DEBUG_INFO = NO;
				MTL_FAST_MATH = YES;
				SDKROOT = iphoneos;
				VALIDATE_PRODUCT = YES;
			};
			name = Release;
		};
		747635E52661D260002D20B1 /* Debug */ = {
			isa = XCBuildConfiguration;
			baseConfigurationReference = F7065239847ABD7FDCB63737 /* Pods-UIAlertNet.debug.xcconfig */;
			buildSettings = {
				ASSETCATALOG_COMPILER_APPICON_NAME = AppIcon;
				ASSETCATALOG_COMPILER_GLOBAL_ACCENT_COLOR_NAME = AccentColor;
				CODE_SIGN_STYLE = Automatic;
				DEVELOPMENT_TEAM = D8J962WWSV;
				GCC_PREFIX_HEADER = "$(SRCROOT)/UIAlertNet/PrefixHeader.pch";
				INFOPLIST_FILE = UIAlertNet/Info.plist;
				IPHONEOS_DEPLOYMENT_TARGET = 10.2;
				LD_RUNPATH_SEARCH_PATHS = (
					"$(inherited)",
					"@executable_path/Frameworks",
				);
				PRODUCT_BUNDLE_IDENTIFIER = ZongAng.UIAlertNet;
				PRODUCT_NAME = "$(TARGET_NAME)";
				TARGETED_DEVICE_FAMILY = "1,2";
			};
			name = Debug;
		};
		747635E62661D260002D20B1 /* Release */ = {
			isa = XCBuildConfiguration;
			baseConfigurationReference = 19A419D64901E792DD98CAA9 /* Pods-UIAlertNet.release.xcconfig */;
			buildSettings = {
				ASSETCATALOG_COMPILER_APPICON_NAME = AppIcon;
				ASSETCATALOG_COMPILER_GLOBAL_ACCENT_COLOR_NAME = AccentColor;
				CODE_SIGN_STYLE = Automatic;
				DEVELOPMENT_TEAM = D8J962WWSV;
				GCC_PREFIX_HEADER = "$(SRCROOT)/UIAlertNet/PrefixHeader.pch";
				INFOPLIST_FILE = UIAlertNet/Info.plist;
				IPHONEOS_DEPLOYMENT_TARGET = 10.2;
				LD_RUNPATH_SEARCH_PATHS = (
					"$(inherited)",
					"@executable_path/Frameworks",
				);
				PRODUCT_BUNDLE_IDENTIFIER = ZongAng.UIAlertNet;
				PRODUCT_NAME = "$(TARGET_NAME)";
				TARGETED_DEVICE_FAMILY = "1,2";
			};
			name = Release;
		};
		747635E82661D260002D20B1 /* Debug */ = {
			isa = XCBuildConfiguration;
			buildSettings = {
				BUNDLE_LOADER = "$(TEST_HOST)";
				CODE_SIGN_STYLE = Automatic;
				DEVELOPMENT_TEAM = D8J962WWSV;
				INFOPLIST_FILE = UIAlertNetTests/Info.plist;
				IPHONEOS_DEPLOYMENT_TARGET = 14.5;
				LD_RUNPATH_SEARCH_PATHS = (
					"$(inherited)",
					"@executable_path/Frameworks",
					"@loader_path/Frameworks",
				);
				PRODUCT_BUNDLE_IDENTIFIER = ZongAng.UIAlertNetTests;
				PRODUCT_NAME = "$(TARGET_NAME)";
				TARGETED_DEVICE_FAMILY = "1,2";
				TEST_HOST = "$(BUILT_PRODUCTS_DIR)/UIAlertNet.app/UIAlertNet";
			};
			name = Debug;
		};
		747635E92661D260002D20B1 /* Release */ = {
			isa = XCBuildConfiguration;
			buildSettings = {
				BUNDLE_LOADER = "$(TEST_HOST)";
				CODE_SIGN_STYLE = Automatic;
				DEVELOPMENT_TEAM = D8J962WWSV;
				INFOPLIST_FILE = UIAlertNetTests/Info.plist;
				IPHONEOS_DEPLOYMENT_TARGET = 14.5;
				LD_RUNPATH_SEARCH_PATHS = (
					"$(inherited)",
					"@executable_path/Frameworks",
					"@loader_path/Frameworks",
				);
				PRODUCT_BUNDLE_IDENTIFIER = ZongAng.UIAlertNetTests;
				PRODUCT_NAME = "$(TARGET_NAME)";
				TARGETED_DEVICE_FAMILY = "1,2";
				TEST_HOST = "$(BUILT_PRODUCTS_DIR)/UIAlertNet.app/UIAlertNet";
			};
			name = Release;
		};
		747635EB2661D260002D20B1 /* Debug */ = {
			isa = XCBuildConfiguration;
			buildSettings = {
				CODE_SIGN_STYLE = Automatic;
				DEVELOPMENT_TEAM = D8J962WWSV;
				INFOPLIST_FILE = UIAlertNetUITests/Info.plist;
				LD_RUNPATH_SEARCH_PATHS = (
					"$(inherited)",
					"@executable_path/Frameworks",
					"@loader_path/Frameworks",
				);
				PRODUCT_BUNDLE_IDENTIFIER = ZongAng.UIAlertNetUITests;
				PRODUCT_NAME = "$(TARGET_NAME)";
				TARGETED_DEVICE_FAMILY = "1,2";
				TEST_TARGET_NAME = UIAlertNet;
			};
			name = Debug;
		};
		747635EC2661D260002D20B1 /* Release */ = {
			isa = XCBuildConfiguration;
			buildSettings = {
				CODE_SIGN_STYLE = Automatic;
				DEVELOPMENT_TEAM = D8J962WWSV;
				INFOPLIST_FILE = UIAlertNetUITests/Info.plist;
				LD_RUNPATH_SEARCH_PATHS = (
					"$(inherited)",
					"@executable_path/Frameworks",
					"@loader_path/Frameworks",
				);
				PRODUCT_BUNDLE_IDENTIFIER = ZongAng.UIAlertNetUITests;
				PRODUCT_NAME = "$(TARGET_NAME)";
				TARGETED_DEVICE_FAMILY = "1,2";
				TEST_TARGET_NAME = UIAlertNet;
			};
			name = Release;
		};
/* End XCBuildConfiguration section */

/* Begin XCConfigurationList section */
		747635B02661D25D002D20B1 /* Build configuration list for PBXProject "UIAlertNet" */ = {
			isa = XCConfigurationList;
			buildConfigurations = (
				747635E22661D260002D20B1 /* Debug */,
				747635E32661D260002D20B1 /* Release */,
			);
			defaultConfigurationIsVisible = 0;
			defaultConfigurationName = Release;
		};
		747635E42661D260002D20B1 /* Build configuration list for PBXNativeTarget "UIAlertNet" */ = {
			isa = XCConfigurationList;
			buildConfigurations = (
				747635E52661D260002D20B1 /* Debug */,
				747635E62661D260002D20B1 /* Release */,
			);
			defaultConfigurationIsVisible = 0;
			defaultConfigurationName = Release;
		};
		747635E72661D260002D20B1 /* Build configuration list for PBXNativeTarget "UIAlertNetTests" */ = {
			isa = XCConfigurationList;
			buildConfigurations = (
				747635E82661D260002D20B1 /* Debug */,
				747635E92661D260002D20B1 /* Release */,
			);
			defaultConfigurationIsVisible = 0;
			defaultConfigurationName = Release;
		};
		747635EA2661D260002D20B1 /* Build configuration list for PBXNativeTarget "UIAlertNetUITests" */ = {
			isa = XCConfigurationList;
			buildConfigurations = (
				747635EB2661D260002D20B1 /* Debug */,
				747635EC2661D260002D20B1 /* Release */,
			);
			defaultConfigurationIsVisible = 0;
			defaultConfigurationName = Release;
		};
/* End XCConfigurationList section */
	};
	rootObject = 747635AD2661D25D002D20B1 /* Project object */;
}
